
Microsoft Visual Studio Solution File, Format Version 12.00
# Visual Studio Version 16
VisualStudioVersion = 16.0.30204.135
MinimumVisualStudioVersion = 10.0.40219.1
Project("{9A19103F-16F7-4668-BE54-9A1E7A4F7556}") = "WormGame", "WormGame\WormGame.csproj", "{8311C08A-011D-48D5-9AA3-A932A19DEBDC}"
EndProject
Project("{9A19103F-16F7-4668-BE54-9A1E7A4F7556}") = "Otter", "..\..\..\..\devel\otter\Otter\Otter.csproj", "{A8E376B3-7272-43B4-8823-61B416F4CF19}"
EndProject
Project("{9A19103F-16F7-4668-BE54-9A1E7A4F7556}") = "WormGameTest", "WormGameTest\WormGameTest.csproj", "{E42A0292-69DF-431A-9563-FF15736AF24E}"
EndProject
Global
	GlobalSection(SolutionConfigurationPlatforms) = preSolution
		Debug|Any CPU = Debug|Any CPU
		Release|Any CPU = Release|Any CPU
	EndGlobalSection
	GlobalSection(ProjectConfigurationPlatforms) = postSolution
		{8311C08A-011D-48D5-9AA3-A932A19DEBDC}.Debug|Any CPU.ActiveCfg = Debug|Any CPU
		{8311C08A-011D-48D5-9AA3-A932A19DEBDC}.Debug|Any CPU.Build.0 = Debug|Any CPU
		{8311C08A-011D-48D5-9AA3-A932A19DEBDC}.Release|Any CPU.ActiveCfg = Release|Any CPU
		{8311C08A-011D-48D5-9AA3-A932A19DEBDC}.Release|Any CPU.Build.0 = Release|Any CPU
		{A8E376B3-7272-43B4-8823-61B416F4CF19}.Debug|Any CPU.ActiveCfg = Debug|Any CPU
		{A8E376B3-7272-43B4-8823-61B416F4CF19}.Debug|Any CPU.Build.0 = Debug|Any CPU
		{A8E376B3-7272-43B4-8823-61B416F4CF19}.Release|Any CPU.ActiveCfg = Release|Any CPU
		{A8E376B3-7272-43B4-8823-61B416F4CF19}.Release|Any CPU.Build.0 = Release|Any CPU
		{E42A0292-69DF-431A-9563-FF15736AF24E}.Debug|Any CPU.ActiveCfg = Debug|Any CPU
		{E42A0292-69DF-431A-9563-FF15736AF24E}.Debug|Any CPU.Build.0 = Debug|Any CPU
		{E42A0292-69DF-431A-9563-FF15736AF24E}.Release|Any CPU.ActiveCfg = Release|Any CPU
		{E42A0292-69DF-431A-9563-FF15736AF24E}.Release|Any CPU.Build.0 = Release|Any CPU
	EndGlobalSection
	GlobalSection(SolutionProperties) = preSolution
		HideSolutionNode = FALSE
	EndGlobalSection
	GlobalSection(ExtensibilityGlobals) = postSolution
		SolutionGuid = {75611BDB-9725-47D7-A87B-8A805FD5E496}
	EndGlobalSection
EndGlobal
